PODS:
  - Alamofire (5.6.2)
  - MJRefresh (3.7.5)
  - Moya (15.0.0):
    - Moya/Core (= 15.0.0)
  - Moya/Core (15.0.0):
    - Alamofire (~> 5.0)
  - TestSwiftOC (0.2.4):
    - MJRefresh
    - Moya

DEPENDENCIES:
  - TestSwiftOC (from `../`)

SPEC REPOS:
  trunk:
    - Alamofire
    - MJRefresh
    - Moya

EXTERNAL SOURCES:
  TestSwiftOC:
    :path: "../"

SPEC CHECKSUMS:
  Alamofire: d368e1ff8a298e6dde360e35a3e68e6c610e7204
  MJRefresh: fdf5e979eb406a0341468932d1dfc8b7f9fce961
  Moya: 138f0573e53411fb3dc17016add0b748dfbd78ee
  TestSwiftOC: 32bde2ade3171ff8219ebf86e4c43fed5b264148

PODFILE CHECKSUM: e361aa6662f127cd77d4fe0c1c8446c259cb76d5

COCOAPODS: 1.11.3
