PODS:
  - lottie-ios (3.5.0)
  - RJImageLoader (0.3.0)
  - TestSwiftOC (0.4.3):
    - lottie-ios
    - RJImageLoader

DEPENDENCIES:
  - TestSwiftOC (from `../`)

SPEC REPOS:
  trunk:
    - lottie-ios
    - RJImageLoader

EXTERNAL SOURCES:
  TestSwiftOC:
    :path: "../"

SPEC CHECKSUMS:
  lottie-ios: c55158d67d0629a260625cc2ded2052b829e3c3e
  RJImageLoader: f0d9edebeb7837feb0ce51759826900645770db7
  TestSwiftOC: 7d915521ce6cd54edb9421432ad7cde46baba73f

PODFILE CHECKSUM: 125838282a5ba3520803764b2b96b8a28a4431f2

COCOAPODS: 1.11.3
