PODS:
  - RJImageLoader (0.3.0)
  - TestSwiftOC (0.7.0):
    - RJImageLoader
    - TestSwiftOC/Core (= 0.7.0)
    - TestSwiftOC/MapKit (= 0.7.0)
  - TestSwiftOC/Core (0.7.0):
    - RJImageLoader
  - TestSwiftOC/MapKit (0.7.0):
    - RJImageLoader
    - TestSwiftOC/Core

DEPENDENCIES:
  - TestSwiftOC (from `../`)

SPEC REPOS:
  trunk:
    - RJImageLoader

EXTERNAL SOURCES:
  TestSwiftOC:
    :path: "../"

SPEC CHECKSUMS:
  RJImageLoader: f0d9edebeb7837feb0ce51759826900645770db7
  TestSwiftOC: 1de1a0373fcaafded71cc9760c3463c4215ad48e

PODFILE CHECKSUM: e361aa6662f127cd77d4fe0c1c8446c259cb76d5

COCOAPODS: 1.11.3
